
Microsoft Visual Studio Solution File, Format Version 12.00
# Visual Studio Version 17
VisualStudioVersion = 17.7.34009.444
MinimumVisualStudioVersion = 10.0.40219.1
Project("{FAE04EC0-301F-11D3-BF4B-00C04F79EFBC}") = "aztuIf", "aztuIf\aztuIf.csproj", "{E8D49519-7B52-4620-9F72-1BD964632570}"
EndProject
Global
	GlobalSection(SolutionConfigurationPlatforms) = preSolution
		Debug|Any CPU = Debug|Any CPU
		Release|Any CPU = Release|Any CPU
	EndGlobalSection
	GlobalSection(ProjectConfigurationPlatforms) = postSolution
		{E8D49519-7B52-4620-9F72-1BD964632570}.Debug|Any CPU.ActiveCfg = Debug|Any CPU
		{E8D49519-7B52-4620-9F72-1BD964632570}.Debug|Any CPU.Build.0 = Debug|Any CPU
		{E8D49519-7B52-4620-9F72-1BD964632570}.Release|Any CPU.ActiveCfg = Release|Any CPU
		{E8D49519-7B52-4620-9F72-1BD964632570}.Release|Any CPU.Build.0 = Release|Any CPU
	EndGlobalSection
	GlobalSection(SolutionProperties) = preSolution
		HideSolutionNode = FALSE
	EndGlobalSection
	GlobalSection(ExtensibilityGlobals) = postSolution
		SolutionGuid = {5FF59659-43A2-472E-9C71-CE7051A397D8}
	EndGlobalSection
EndGlobal
